<?xml version="1.0" encoding="utf-8"?>
<Project ToolsVersion="4.0" xmlns="http://schemas.microsoft.com/developer/msbuild/2003">
  <ItemGroup>
    <Filter Include="Header Files">
      <UniqueIdentifier>{93995380-89BD-4b04-88EB-625FBE52EBFB}</UniqueIdentifier>
      <Extensions>h;hh;hpp;hxx;h++;hm;inl;inc;ipp;xsd</Extensions>
    </Filter>
    <Filter Include="Resource Files">
      <UniqueIdentifier>{67DA6AB6-F800-4c08-8B7A-83BB121AAD01}</UniqueIdentifier>
      <Extensions>rc;ico;cur;bmp;dlg;rc2;rct;bin;rgs;gif;jpg;jpeg;jpe;resx;tiff;tif;png;wav;mfcribbon-ms</Extensions>
    </Filter>
    <Filter Include="Header Files\imguiHeaders">
      <UniqueIdentifier>{73a756f1-abcc-4502-8445-2e1817e51f23}</UniqueIdentifier>
    </Filter>
    <Filter Include="Resource Files\Source Files">
      <UniqueIdentifier>{4FC737F1-C7A5-4376-A066-2A32D752A2FF}</UniqueIdentifier>
      <Extensions>cpp;c;cc;cxx;c++;cppm;ixx;def;odl;idl;hpj;bat;asm;asmx</Extensions>
    </Filter>
    <Filter Include="Resource Files\Source Files\imguiSource">
      <UniqueIdentifier>{ab52338a-39b6-4457-8716-f7b0a7b1a906}</UniqueIdentifier>
    </Filter>
  </ItemGroup>
  <ItemGroup>
    <ClCompile Include="imgui.cpp">
      <Filter>Resource Files\Source Files\imguiSource</Filter>
    </ClCompile>
    <ClCompile Include="stb_image.cpp">
      <Filter>Resource Files\Source Files</Filter>
    </ClCompile>
    <ClCompile Include="main2.cpp">
      <Filter>Resource Files\Source Files</Filter>
    </ClCompile>
    <ClCompile Include="imguiLib\imgui\imgui_demo.cpp">
      <Filter>Resource Files\Source Files\imguiSource</Filter>
    </ClCompile>
    <ClCompile Include="imguiLib\imgui\imgui_draw.cpp">
      <Filter>Resource Files\Source Files\imguiSource</Filter>
    </ClCompile>
    <ClCompile Include="imguiLib\imgui\imgui_impl_glfw.cpp">
      <Filter>Resource Files\Source Files\imguiSource</Filter>
    </ClCompile>
    <ClCompile Include="imguiLib\imgui\imgui_impl_opengl3.cpp">
      <Filter>Resource Files\Source Files\imguiSource</Filter>
    </ClCompile>
    <ClCompile Include="imguiLib\imgui\imgui_tables.cpp">
      <Filter>Resource Files\Source Files\imguiSource</Filter>
    </ClCompile>
    <ClCompile Include="imguiLib\imgui\imgui_widgets.cpp">
      <Filter>Resource Files\Source Files\imguiSource</Filter>
    </ClCompile>
    <ClCompile Include="imguiLib\imgui\imgui.cpp">
      <Filter>Resource Files\Source Files\imguiSource</Filter>
    </ClCompile>
    <ClCompile Include="glad\glad\src\glad.c">
      <Filter>Resource Files\Source Files</Filter>
    </ClCompile>
  </ItemGroup>
  <ItemGroup>
    <ClInclude Include="main2.hpp">
      <Filter>Header Files</Filter>
    </ClInclude>
    <ClInclude Include="stb_image.h">
      <Filter>Header Files</Filter>
    </ClInclude>
    <ClInclude Include="imguiLib\imgui\imconfig.h">
      <Filter>Header Files\imguiHeaders</Filter>
    </ClInclude>
    <ClInclude Include="imguiLib\imgui\imgui.h">
      <Filter>Header Files\imguiHeaders</Filter>
    </ClInclude>
    <ClInclude Include="imguiLib\imgui\imgui_impl_glfw.h">
      <Filter>Header Files\imguiHeaders</Filter>
    </ClInclude>
    <ClInclude Include="imguiLib\imgui\imgui_impl_opengl3.h">
      <Filter>Header Files\imguiHeaders</Filter>
    </ClInclude>
    <ClInclude Include="imguiLib\imgui\imgui_impl_opengl3_loader.h">
      <Filter>Header Files\imguiHeaders</Filter>
    </ClInclude>
    <ClInclude Include="imguiLib\imgui\imgui_internal.h">
      <Filter>Header Files\imguiHeaders</Filter>
    </ClInclude>
    <ClInclude Include="imguiLib\imgui\imstb_rectpack.h">
      <Filter>Header Files\imguiHeaders</Filter>
    </ClInclude>
    <ClInclude Include="imguiLib\imgui\imstb_textedit.h">
      <Filter>Header Files\imguiHeaders</Filter>
    </ClInclude>
    <ClInclude Include="imguiLib\imgui\imstb_truetype.h">
      <Filter>Header Files\imguiHeaders</Filter>
    </ClInclude>
  </ItemGroup>
</Project>